github.com/ebitengine/purego v0.8.3 h1:K+0AjQp63JEZTEMZiwsI9g0+hAMNohwUOtY0RPGexmc=
github.com/ebitengine/purego v0.8.3/go.mod h1:iIjxzd6CiRiOG0UyXP+V1+jWqUXVjPKLAI0mRfJZTmQ=
github.com/jupiterrider/purego-sdl3 v0.0.0-20250626185803-e8a8e1c0d4b5 h1:6pqZkuZoCoRg6cqacJgvKNHzErgRtGWSwlOhovoDruw=
github.com/jupiterrider/purego-sdl3 v0.0.0-20250626185803-e8a8e1c0d4b5/go.mod h1:pRSNvzaSfMxcVPHP5VKo5VF5SAFp78pPIGlBIoI8KBw=
